
Microsoft Visual Studio Solution File, Format Version 12.00
# Visual Studio Version 16
VisualStudioVersion = 16.0.29709.97
MinimumVisualStudioVersion = 10.0.40219.1
Project("{FAE04EC0-301F-11D3-BF4B-00C04F79EFBC}") = "02.Shopping.Domain.Contract", "src\Shopping.Domain.Contract\02.Shopping.Domain.Contract.csproj", "{4AD62E7F-9173-470D-A0D4-A4BFE3F7814B}"
EndProject
Project("{2150E333-8FDC-42A3-9474-1A3956D46DE8}") = "src", "src", "{B8FF165F-2793-4675-AA44-456294523E6A}"
EndProject
Project("{FAE04EC0-301F-11D3-BF4B-00C04F79EFBC}") = "01.Shopping.Domain.Entities", "src\Shopping.Domain.Entities\01.Shopping.Domain.Entities.csproj", "{7C340053-41FF-4C5F-9285-63AC3F46E7FD}"
EndProject
Project("{FAE04EC0-301F-11D3-BF4B-00C04F79EFBC}") = "06.Shopping.Utilities", "src\Shopping.Utilities\06.Shopping.Utilities.csproj", "{5850071A-99A6-43B3-A017-EA7D0D8903A7}"
EndProject
Project("{FAE04EC0-301F-11D3-BF4B-00C04F79EFBC}") = "03.Shopping.Application.Services", "src\Shopping.Application.Services\03.Shopping.Application.Services.csproj", "{E2165D0D-A651-49FD-93ED-C016DDA735FD}"
EndProject
Project("{FAE04EC0-301F-11D3-BF4B-00C04F79EFBC}") = "04.Shopping.Endpoint.MVC", "src\Shopping.Endpoint.MVC\04.Shopping.Endpoint.MVC.csproj", "{CA1696C0-709D-44A3-97B9-B9B7E61A1207}"
EndProject
Project("{FAE04EC0-301F-11D3-BF4B-00C04F79EFBC}") = "05.Shopping.Endpoint.ViewModel", "src\Shopping.Endpoint.ViewModel\05.Shopping.Endpoint.ViewModel.csproj", "{5D11265A-939C-4B91-8744-CE82E075B5B5}"
EndProject
Project("{2150E333-8FDC-42A3-9474-1A3956D46DE8}") = "test", "test", "{D6AE7530-DD82-47EE-9CAB-ED5062C6CA8B}"
EndProject
Global
	GlobalSection(SolutionConfigurationPlatforms) = preSolution
		Debug|Any CPU = Debug|Any CPU
		Release|Any CPU = Release|Any CPU
	EndGlobalSection
	GlobalSection(ProjectConfigurationPlatforms) = postSolution
		{4AD62E7F-9173-470D-A0D4-A4BFE3F7814B}.Debug|Any CPU.ActiveCfg = Debug|Any CPU
		{4AD62E7F-9173-470D-A0D4-A4BFE3F7814B}.Debug|Any CPU.Build.0 = Debug|Any CPU
		{4AD62E7F-9173-470D-A0D4-A4BFE3F7814B}.Release|Any CPU.ActiveCfg = Release|Any CPU
		{4AD62E7F-9173-470D-A0D4-A4BFE3F7814B}.Release|Any CPU.Build.0 = Release|Any CPU
		{7C340053-41FF-4C5F-9285-63AC3F46E7FD}.Debug|Any CPU.ActiveCfg = Debug|Any CPU
		{7C340053-41FF-4C5F-9285-63AC3F46E7FD}.Debug|Any CPU.Build.0 = Debug|Any CPU
		{7C340053-41FF-4C5F-9285-63AC3F46E7FD}.Release|Any CPU.ActiveCfg = Release|Any CPU
		{7C340053-41FF-4C5F-9285-63AC3F46E7FD}.Release|Any CPU.Build.0 = Release|Any CPU
		{5850071A-99A6-43B3-A017-EA7D0D8903A7}.Debug|Any CPU.ActiveCfg = Debug|Any CPU
		{5850071A-99A6-43B3-A017-EA7D0D8903A7}.Debug|Any CPU.Build.0 = Debug|Any CPU
		{5850071A-99A6-43B3-A017-EA7D0D8903A7}.Release|Any CPU.ActiveCfg = Release|Any CPU
		{5850071A-99A6-43B3-A017-EA7D0D8903A7}.Release|Any CPU.Build.0 = Release|Any CPU
		{E2165D0D-A651-49FD-93ED-C016DDA735FD}.Debug|Any CPU.ActiveCfg = Debug|Any CPU
		{E2165D0D-A651-49FD-93ED-C016DDA735FD}.Debug|Any CPU.Build.0 = Debug|Any CPU
		{E2165D0D-A651-49FD-93ED-C016DDA735FD}.Release|Any CPU.ActiveCfg = Release|Any CPU
		{E2165D0D-A651-49FD-93ED-C016DDA735FD}.Release|Any CPU.Build.0 = Release|Any CPU
		{CA1696C0-709D-44A3-97B9-B9B7E61A1207}.Debug|Any CPU.ActiveCfg = Debug|Any CPU
		{CA1696C0-709D-44A3-97B9-B9B7E61A1207}.Debug|Any CPU.Build.0 = Debug|Any CPU
		{CA1696C0-709D-44A3-97B9-B9B7E61A1207}.Release|Any CPU.ActiveCfg = Release|Any CPU
		{CA1696C0-709D-44A3-97B9-B9B7E61A1207}.Release|Any CPU.Build.0 = Release|Any CPU
		{5D11265A-939C-4B91-8744-CE82E075B5B5}.Debug|Any CPU.ActiveCfg = Debug|Any CPU
		{5D11265A-939C-4B91-8744-CE82E075B5B5}.Debug|Any CPU.Build.0 = Debug|Any CPU
		{5D11265A-939C-4B91-8744-CE82E075B5B5}.Release|Any CPU.ActiveCfg = Release|Any CPU
		{5D11265A-939C-4B91-8744-CE82E075B5B5}.Release|Any CPU.Build.0 = Release|Any CPU
	EndGlobalSection
	GlobalSection(SolutionProperties) = preSolution
		HideSolutionNode = FALSE
	EndGlobalSection
	GlobalSection(NestedProjects) = preSolution
		{4AD62E7F-9173-470D-A0D4-A4BFE3F7814B} = {B8FF165F-2793-4675-AA44-456294523E6A}
		{7C340053-41FF-4C5F-9285-63AC3F46E7FD} = {B8FF165F-2793-4675-AA44-456294523E6A}
		{5850071A-99A6-43B3-A017-EA7D0D8903A7} = {B8FF165F-2793-4675-AA44-456294523E6A}
		{E2165D0D-A651-49FD-93ED-C016DDA735FD} = {B8FF165F-2793-4675-AA44-456294523E6A}
		{CA1696C0-709D-44A3-97B9-B9B7E61A1207} = {B8FF165F-2793-4675-AA44-456294523E6A}
		{5D11265A-939C-4B91-8744-CE82E075B5B5} = {B8FF165F-2793-4675-AA44-456294523E6A}
	EndGlobalSection
	GlobalSection(ExtensibilityGlobals) = postSolution
		SolutionGuid = {6B16B81F-C92B-4271-BB4B-6D1FF657D6A0}
	EndGlobalSection
EndGlobal
